PODS:
  - AERecord (4.1.2)
  - AFNetworking (3.2.1):
    - AFNetworking/NSURLSession (= 3.2.1)
    - AFNetworking/Reachability (= 3.2.1)
    - AFNetworking/Security (= 3.2.1)
    - AFNetworking/Serialization (= 3.2.1)
    - AFNetworking/UIKit (= 3.2.1)
  - AFNetworking/NSURLSession (3.2.1):
    - AFNetworking/Reachability
    - AFNetworking/Security
    - AFNetworking/Serialization
  - AFNetworking/Reachability (3.2.1)
  - AFNetworking/Security (3.2.1)
  - AFNetworking/Serialization (3.2.1)
  - AFNetworking/UIKit (3.2.1):
    - AFNetworking/NSURLSession
  - Alamofire (4.8.2)
  - AlamofireObjectMapper (5.2.0):
    - Alamofire (~> 4.7)
    - ObjectMapper (~> 3.4)
  - Crashlytics (3.13.1):
    - Fabric (~> 1.10.1)
  - Fabric (1.10.1)
  - Firebase/Core (6.1.0):
    - Firebase/CoreOnly
    - FirebaseAnalytics (= 6.0.1)
  - Firebase/CoreOnly (6.1.0):
    - FirebaseCore (= 6.0.1)
  - Firebase/Messaging (6.1.0):
    - Firebase/CoreOnly
    - FirebaseMessaging (~> 4.0.1)
  - FirebaseAnalytics (6.0.1):
    - FirebaseCore (~> 6.0)
    - FirebaseInstanceID (~> 4.1)
    - GoogleAppMeasurement (= 6.0.1)
    - GoogleUtilities/AppDelegateSwizzler (~> 6.0)
    - GoogleUtilities/MethodSwizzler (~> 6.0)
    - GoogleUtilities/Network (~> 6.0)
    - "GoogleUtilities/NSData+zlib (~> 6.0)"
    - nanopb (~> 0.3)
  - FirebaseAnalyticsInterop (1.2.0)
  - FirebaseCore (6.0.1):
    - GoogleUtilities/Environment (~> 6.0)
    - GoogleUtilities/Logger (~> 6.0)
  - FirebaseInstanceID (4.1.0):
    - FirebaseCore (~> 6.0)
    - GoogleUtilities/Environment (~> 6.0)
    - GoogleUtilities/UserDefaults (~> 6.0)
  - FirebaseMessaging (4.0.1):
    - FirebaseAnalyticsInterop (~> 1.1)
    - FirebaseCore (~> 6.0)
    - FirebaseInstanceID (~> 4.1)
    - GoogleUtilities/AppDelegateSwizzler (~> 6.0)
    - GoogleUtilities/Environment (~> 6.0)
    - GoogleUtilities/Reachability (~> 6.0)
    - GoogleUtilities/UserDefaults (~> 6.0)
    - Protobuf (~> 3.1)
  - FRHyperLabel (1.0.4)
  - GoogleAppMeasurement (6.0.1):
    - GoogleUtilities/AppDelegateSwizzler (~> 6.0)
    - GoogleUtilities/MethodSwizzler (~> 6.0)
    - GoogleUtilities/Network (~> 6.0)
    - "GoogleUtilities/NSData+zlib (~> 6.0)"
    - nanopb (~> 0.3)
  - GoogleMaps (3.1.0):
    - GoogleMaps/Maps (= 3.1.0)
  - GoogleMaps/Base (3.1.0)
  - GoogleMaps/Maps (3.1.0):
    - GoogleMaps/Base
  - GooglePlaces (3.1.0):
    - GoogleMaps/Base (= 3.1.0)
  - GoogleUtilities/AppDelegateSwizzler (6.1.0):
    - GoogleUtilities/Environment
    - GoogleUtilities/Logger
    - GoogleUtilities/Network
  - GoogleUtilities/Environment (6.1.0)
  - GoogleUtilities/Logger (6.1.0):
    - GoogleUtilities/Environment
  - GoogleUtilities/MethodSwizzler (6.1.0):
    - GoogleUtilities/Logger
  - GoogleUtilities/Network (6.1.0):
    - GoogleUtilities/Logger
    - "GoogleUtilities/NSData+zlib"
    - GoogleUtilities/Reachability
  - "GoogleUtilities/NSData+zlib (6.1.0)"
  - GoogleUtilities/Reachability (6.1.0):
    - GoogleUtilities/Logger
  - GoogleUtilities/UserDefaults (6.1.0):
    - GoogleUtilities/Logger
  - HPGrowingTextView (1.1)
  - IQKeyboardManager (6.3.0)
  - Kingfisher (4.10.1)
  - nanopb (0.3.901):
    - nanopb/decode (= 0.3.901)
    - nanopb/encode (= 0.3.901)
  - nanopb/decode (0.3.901)
  - nanopb/encode (0.3.901)
  - NoChat (0.3.2)
  - ObjectMapper (3.4.2)
  - Protobuf (3.7.0)
  - QRCode (2.0)
  - QRCodeReader.swift (8.2.0)
  - SVProgressHUD (2.2.5)
  - UINavigationBar-Transparent (1.2)
  - YYText (1.0.7)

DEPENDENCIES:
  - AERecord
  - AFNetworking (~> 3.0)
  - AlamofireObjectMapper (~> 5.0)
  - Crashlytics
  - Fabric
  - Firebase/Core
  - Firebase/Messaging
  - FRHyperLabel
  - GoogleMaps
  - GooglePlaces
  - HPGrowingTextView
  - IQKeyboardManager
  - Kingfisher (~> 4.0)
  - NoChat
  - QRCode
  - QRCodeReader.swift (~> 8.2.0)
  - SVProgressHUD
  - UINavigationBar-Transparent
  - YYText

SPEC REPOS:
  https://github.com/cocoapods/specs.git:
    - AERecord
    - AFNetworking
    - Alamofire
    - AlamofireObjectMapper
    - Crashlytics
    - Fabric
    - Firebase
    - FirebaseAnalytics
    - FirebaseAnalyticsInterop
    - FirebaseCore
    - FirebaseInstanceID
    - FirebaseMessaging
    - FRHyperLabel
    - GoogleAppMeasurement
    - GoogleMaps
    - GooglePlaces
    - GoogleUtilities
    - HPGrowingTextView
    - IQKeyboardManager
    - Kingfisher
    - nanopb
    - NoChat
    - ObjectMapper
    - Protobuf
    - QRCode
    - QRCodeReader.swift
    - SVProgressHUD
    - UINavigationBar-Transparent
    - YYText

SPEC CHECKSUMS:
  AERecord: ee8e773baa650731f06e89546a8f97e28fe00c32
  AFNetworking: b6f891fdfaed196b46c7a83cf209e09697b94057
  Alamofire: ae5c501addb7afdbb13687d7f2f722c78734c2d3
  AlamofireObjectMapper: 92b6ce2423a9d159e686f6a1d514a009bf903ddc
  Crashlytics: 5aa8e90dcbf2f34898b4f5a0037787531246cca0
  Fabric: f6f21452846788bb44595d73e9909d79d328e617
  Firebase: 8d77bb33624ae9b62d745d82ec023de5f70f7e4f
  FirebaseAnalytics: 629301c2b9925f3537d4093a17a72751ae5b7084
  FirebaseAnalyticsInterop: efbe45c8385ec626e29f9525e5ebd38520dfb6c1
  FirebaseCore: 66bdef3b310a026880e2a5bc8aa586ab62ce4543
  FirebaseInstanceID: 27bed93a59b6685f5c3e0c028a878a764fd75c33
  FirebaseMessaging: 31377e05331d16dc6c9fd82554f9a5c49aa70aed
  FRHyperLabel: f4a127d5f8ffb211040554615e93f936d5a576a6
  GoogleAppMeasurement: 51d8d9ea48f0ca44484d29cfbdef976fbd4fc336
  GoogleMaps: 5c13302e6fe6bb6e686b267196586b91cd594225
  GooglePlaces: e874db179f2675c4f3eeda0b686b540273a578b0
  GoogleUtilities: 84df567c76ca84f67b7bb40e769fdd4acc746a10
  HPGrowingTextView: 88a716d97fb853bcb08a4a08e4727da17efc9b19
  IQKeyboardManager: 2ca9d64893247556f53523dcd8d78641f0ba7c23
  Kingfisher: c148cd7b47ebde9989f6bc7c27dcaa79d81279a0
  nanopb: 2901f78ea1b7b4015c860c2fdd1ea2fee1a18d48
  NoChat: aaa980b8b29c0db8c8bd8ecde22e718cc8ad1bf7
  ObjectMapper: 0d4402610f4e468903ae64629eec4784531e5c51
  Protobuf: 7a877b7f3e5964e3fce995e2eb323dbc6831bb5a
  QRCode: f98a1886c8f37523704a7512a4c0cd45b34c18a4
  QRCodeReader.swift: 003eb32f18a5a675b936ec82ba0ff368cddbff45
  SVProgressHUD: 1428aafac632c1f86f62aa4243ec12008d7a51d6
  UINavigationBar-Transparent: 7461a7dbff53a7b558985812d38bb054717de795
  YYText: 5c461d709e24d55a182d1441c41dc639a18a4849

PODFILE CHECKSUM: 08b05344bdbfe6a0fab9e57709395f2925b49a0d

COCOAPODS: 1.7.0.rc.1
